
Microsoft Visual Studio Solution File, Format Version 12.00
# Visual Studio Version 17
VisualStudioVersion = 17.11.35303.130
MinimumVisualStudioVersion = 10.0.40219.1
Project("{FAE04EC0-301F-11D3-BF4B-00C04F79EFBC}") = "ProjectManagementSystem.API", "ProjectManagementSystem.API\ProjectManagementSystem.API.csproj", "{C3723853-D2F0-4029-9EF8-B1C6AE0E11EE}"
EndProject
Project("{FAE04EC0-301F-11D3-BF4B-00C04F79EFBC}") = "ProjectManagementSystem.Application", "ProjectManagementSystem.Application\ProjectManagementSystem.Application.csproj", "{91E2F79F-65C6-4380-91F9-131B08C67263}"
EndProject
Project("{FAE04EC0-301F-11D3-BF4B-00C04F79EFBC}") = "ProjectManagementSystem.Entity", "ProjectManagementSystem.Entity\ProjectManagementSystem.Entity.csproj", "{83598409-6348-4031-9942-8DFD664F5120}"
EndProject
Project("{FAE04EC0-301F-11D3-BF4B-00C04F79EFBC}") = "ProjectManagementSystem.Repository", "ProjectManagementSystem.Repository\ProjectManagementSystem.Repository.csproj", "{90952B9A-9259-45F0-811B-FB2F7710FADB}"
EndProject
Global
	GlobalSection(SolutionConfigurationPlatforms) = preSolution
		Debug|Any CPU = Debug|Any CPU
		Release|Any CPU = Release|Any CPU
	EndGlobalSection
	GlobalSection(ProjectConfigurationPlatforms) = postSolution
		{C3723853-D2F0-4029-9EF8-B1C6AE0E11EE}.Debug|Any CPU.ActiveCfg = Debug|Any CPU
		{C3723853-D2F0-4029-9EF8-B1C6AE0E11EE}.Debug|Any CPU.Build.0 = Debug|Any CPU
		{C3723853-D2F0-4029-9EF8-B1C6AE0E11EE}.Release|Any CPU.ActiveCfg = Release|Any CPU
		{C3723853-D2F0-4029-9EF8-B1C6AE0E11EE}.Release|Any CPU.Build.0 = Release|Any CPU
		{91E2F79F-65C6-4380-91F9-131B08C67263}.Debug|Any CPU.ActiveCfg = Debug|Any CPU
		{91E2F79F-65C6-4380-91F9-131B08C67263}.Debug|Any CPU.Build.0 = Debug|Any CPU
		{91E2F79F-65C6-4380-91F9-131B08C67263}.Release|Any CPU.ActiveCfg = Release|Any CPU
		{91E2F79F-65C6-4380-91F9-131B08C67263}.Release|Any CPU.Build.0 = Release|Any CPU
		{83598409-6348-4031-9942-8DFD664F5120}.Debug|Any CPU.ActiveCfg = Debug|Any CPU
		{83598409-6348-4031-9942-8DFD664F5120}.Debug|Any CPU.Build.0 = Debug|Any CPU
		{83598409-6348-4031-9942-8DFD664F5120}.Release|Any CPU.ActiveCfg = Release|Any CPU
		{83598409-6348-4031-9942-8DFD664F5120}.Release|Any CPU.Build.0 = Release|Any CPU
		{90952B9A-9259-45F0-811B-FB2F7710FADB}.Debug|Any CPU.ActiveCfg = Debug|Any CPU
		{90952B9A-9259-45F0-811B-FB2F7710FADB}.Debug|Any CPU.Build.0 = Debug|Any CPU
		{90952B9A-9259-45F0-811B-FB2F7710FADB}.Release|Any CPU.ActiveCfg = Release|Any CPU
		{90952B9A-9259-45F0-811B-FB2F7710FADB}.Release|Any CPU.Build.0 = Release|Any CPU
	EndGlobalSection
	GlobalSection(SolutionProperties) = preSolution
		HideSolutionNode = FALSE
	EndGlobalSection
	GlobalSection(ExtensibilityGlobals) = postSolution
		SolutionGuid = {6F017EDD-FC49-4889-8908-A3E0FB6AE389}
	EndGlobalSection
EndGlobal
